
Microsoft Visual Studio Solution File, Format Version 12.00
# Visual Studio Version 16
VisualStudioVersion = 16.0.29009.5
MinimumVisualStudioVersion = 10.0.40219.1
Project("{9A19103F-16F7-4668-BE54-9A1E7A4F7556}") = "DaedalusLanguageServer", "DaedalusLanguageServer.csproj", "{8CBFB131-AE78-4460-A1CB-2F875DC7E85E}"
EndProject
Project("{9A19103F-16F7-4668-BE54-9A1E7A4F7556}") = "DaedalusCompiler", "C:\Users\johnh\Desktop\ros\DaedalusCompiler\src\DaedalusCompiler\DaedalusCompiler.csproj", "{8D46B1D5-9972-4C99-9EC0-985BB48AA9A8}"
EndProject
Global
	GlobalSection(SolutionConfigurationPlatforms) = preSolution
		Debug|Any CPU = Debug|Any CPU
		Release|Any CPU = Release|Any CPU
	EndGlobalSection
	GlobalSection(ProjectConfigurationPlatforms) = postSolution
		{8CBFB131-AE78-4460-A1CB-2F875DC7E85E}.Debug|Any CPU.ActiveCfg = Debug|Any CPU
		{8CBFB131-AE78-4460-A1CB-2F875DC7E85E}.Debug|Any CPU.Build.0 = Debug|Any CPU
		{8CBFB131-AE78-4460-A1CB-2F875DC7E85E}.Release|Any CPU.ActiveCfg = Release|Any CPU
		{8CBFB131-AE78-4460-A1CB-2F875DC7E85E}.Release|Any CPU.Build.0 = Release|Any CPU
		{8D46B1D5-9972-4C99-9EC0-985BB48AA9A8}.Debug|Any CPU.ActiveCfg = Debug|Any CPU
		{8D46B1D5-9972-4C99-9EC0-985BB48AA9A8}.Debug|Any CPU.Build.0 = Debug|Any CPU
		{8D46B1D5-9972-4C99-9EC0-985BB48AA9A8}.Release|Any CPU.ActiveCfg = Release|Any CPU
		{8D46B1D5-9972-4C99-9EC0-985BB48AA9A8}.Release|Any CPU.Build.0 = Release|Any CPU
	EndGlobalSection
	GlobalSection(SolutionProperties) = preSolution
		HideSolutionNode = FALSE
	EndGlobalSection
	GlobalSection(ExtensibilityGlobals) = postSolution
		SolutionGuid = {270C17D7-3FD7-45FF-928B-D17940BD37A4}
	EndGlobalSection
EndGlobal
